{
  "name": "longpress.js",
  "version": "1.0.0",
  "lockfileVersion": 2,
  "requires": true,
  "packages": {
    "": {
      "name": "longpress.js",
      "version": "1.0.0",
      "license": "MIT",
      "devDependencies": {
        "longpressjs": "^1.0.7"
      }
    },
    "node_modules/longpressjs": {
      "version": "1.0.7",
      "resolved": "https://registry.npmjs.org/longpressjs/-/longpressjs-1.0.7.tgz",
      "integrity": "sha512-i5Vx4h1EB1NGeCodZylBwgGV9UZVc/fi3oKTLm68rAGylmx1zN6mqrQ6Om94lUQEcN8tyHuMWXrLh5FFHR8ZZA==",
      "dev": true
    }
  },
  "dependencies": {
    "longpressjs": {
      "version": "1.0.7",
      "resolved": "https://registry.npmjs.org/longpressjs/-/longpressjs-1.0.7.tgz",
      "integrity": "sha512-i5Vx4h1EB1NGeCodZylBwgGV9UZVc/fi3oKTLm68rAGylmx1zN6mqrQ6Om94lUQEcN8tyHuMWXrLh5FFHR8ZZA==",
      "dev": true
    }
  }
}
